// !$*UTF8*$!
{
	archiveVersion = 1;
	classes = {
	};
	objectVersion = 48;
	objects = {

/* Begin PBXBuildFile section */
		5AEEB4A81FB4DAB400B774A6 /* main.cpp in Sources */ = {isa = PBXBuildFile; fileRef = 5AEEB4A71FB4DAB400B774A6 /* main.cpp */; };
		5AEEB4B11FB4DB4600B774A6 /* libGLEW.2.1.0.dylib in Frameworks */ = {isa = PBXBuildFile; fileRef = 5AEEB4B01FB4DB4600B774A6 /* libGLEW.2.1.0.dylib */; };
		5AEEB4B21FB4DB4E00B774A6 /* OpenGL.framework in Frameworks */ = {isa = PBXBuildFile; fileRef = 5AEEB4AF1FB4DB1D00B774A6 /* OpenGL.framework */; };
		5AEEB4B41FB4DB6400B774A6 /* libglfw.3.2.dylib in Frameworks */ = {isa = PBXBuildFile; fileRef = 5AEEB4B31FB4DB6400B774A6 /* libglfw.3.2.dylib */; };
/* End PBXBuildFile section */

/* Begin PBXCopyFilesBuildPhase section */
		5AEEB4A21FB4DAB400B774A6 /* CopyFiles */ = {
			isa = PBXCopyFilesBuildPhase;
			buildActionMask = 2147483647;
			dstPath = /usr/share/man/man1/;
			dstSubfolderSpec = 0;
			files = (
			);
			runOnlyForDeploymentPostprocessing = 1;
		};
/* End PBXCopyFilesBuildPhase section */

/* Begin PBXFileReference section */
		5AEEB4A41FB4DAB400B774A6 /* GLFW OpenGL */ = {isa = PBXFileReference; explicitFileType = "compiled.mach-o.executable"; includeInIndex = 0; path = "GLFW OpenGL"; sourceTree = BUILT_PRODUCTS_DIR; };
		5AEEB4A71FB4DAB400B774A6 /* main.cpp */ = {isa = PBXFileReference; lastKnownFileType = sourcecode.cpp.cpp; path = main.cpp; sourceTree = "<group>"; };
		5AEEB4AF1FB4DB1D00B774A6 /* OpenGL.framework */ = {isa = PBXFileReference; lastKnownFileType = wrapper.framework; name = OpenGL.framework; path = System/Library/Frameworks/OpenGL.framework; sourceTree = SDKROOT; };
		5AEEB4B01FB4DB4600B774A6 /* libGLEW.2.1.0.dylib */ = {isa = PBXFileReference; lastKnownFileType = "compiled.mach-o.dylib"; name = libGLEW.2.1.0.dylib; path = ../../../../../usr/local/Cellar/glew/2.1.0/lib/libGLEW.2.1.0.dylib; sourceTree = "<group>"; };
		5AEEB4B31FB4DB6400B774A6 /* libglfw.3.2.dylib */ = {isa = PBXFileReference; lastKnownFileType = "compiled.mach-o.dylib"; name = libglfw.3.2.dylib; path = ../../../../../usr/local/Cellar/glfw/3.2.1/lib/libglfw.3.2.dylib; sourceTree = "<group>"; };
/* End PBXFileReference section */

/* Begin PBXFrameworksBuildPhase section */
		5AEEB4A11FB4DAB400B774A6 /* Frameworks */ = {
			isa = PBXFrameworksBuildPhase;
			buildActionMask = 2147483647;
			files = (
				5AEEB4B41FB4DB6400B774A6 /* libglfw.3.2.dylib in Frameworks */,
				5AEEB4B21FB4DB4E00B774A6 /* OpenGL.framework in Frameworks */,
				5AEEB4B11FB4DB4600B774A6 /* libGLEW.2.1.0.dylib in Frameworks */,
			);
			runOnlyForDeploymentPostprocessing = 0;
		};
/* End PBXFrameworksBuildPhase section */

/* Begin PBXGroup section */
		5AEEB49B1FB4DAB400B774A6 = {
			isa = PBXGroup;
			children = (
				5AEEB4A61FB4DAB400B774A6 /* GLFW OpenGL */,
				5AEEB4A51FB4DAB400B774A6 /* Products */,
				5AEEB4AE1FB4DB1D00B774A6 /* Frameworks */,
			);
			sourceTree = "<group>";
		};
		5AEEB4A51FB4DAB400B774A6 /* Products */ = {
			isa = PBXGroup;
			children = (
				5AEEB4A41FB4DAB400B774A6 /* GLFW OpenGL */,
			);
			name = Products;
			sourceTree = "<group>";
		};
		5AEEB4A61FB4DAB400B774A6 /* GLFW OpenGL */ = {
			isa = PBXGroup;
			children = (
				5AEEB4A71FB4DAB400B774A6 /* main.cpp */,
			);
			path = "GLFW OpenGL";
			sourceTree = "<group>";
		};
		5AEEB4AE1FB4DB1D00B774A6 /* Frameworks */ = {
			isa = PBXGroup;
			children = (
				5AEEB4B31FB4DB6400B774A6 /* libglfw.3.2.dylib */,
				5AEEB4B01FB4DB4600B774A6 /* libGLEW.2.1.0.dylib */,
				5AEEB4AF1FB4DB1D00B774A6 /* OpenGL.framework */,
			);
			name = Frameworks;
			sourceTree = "<group>";
		};
/* End PBXGroup section */

/* Begin PBXNativeTarget section */
		5AEEB4A31FB4DAB400B774A6 /* GLFW OpenGL */ = {
			isa = PBXNativeTarget;
			buildConfigurationList = 5AEEB4AB1FB4DAB400B774A6 /* Build configuration list for PBXNativeTarget "GLFW OpenGL" */;
			buildPhases = (
				5AEEB4A01FB4DAB400B774A6 /* Sources */,
				5AEEB4A11FB4DAB400B774A6 /* Frameworks */,
				5AEEB4A21FB4DAB400B774A6 /* CopyFiles */,
			);
			buildRules = (
			);
			dependencies = (
			);
			name = "GLFW OpenGL";
			productName = "GLFW OpenGL";
			productReference = 5AEEB4A41FB4DAB400B774A6 /* GLFW OpenGL */;
			productType = "com.apple.product-type.tool";
		};
/* End PBXNativeTarget section */

/* Begin PBXProject section */
		5AEEB49C1FB4DAB400B774A6 /* Project object */ = {
			isa = PBXProject;
			attributes = {
				LastUpgradeCheck = 0910;
				ORGANIZATIONNAME = "Jemin Lee";
				TargetAttributes = {
					5AEEB4A31FB4DAB400B774A6 = {
						CreatedOnToolsVersion = 9.1;
						ProvisioningStyle = Automatic;
					};
				};
			};
			buildConfigurationList = 5AEEB49F1FB4DAB400B774A6 /* Build configuration list for PBXProject "GLFW OpenGL" */;
			compatibilityVersion = "Xcode 8.0";
			developmentRegion = en;
			hasScannedForEncodings = 0;
			knownRegions = (
				en,
			);
			mainGroup = 5AEEB49B1FB4DAB400B774A6;
			productRefGroup = 5AEEB4A51FB4DAB400B774A6 /* Products */;
			projectDirPath = "";
			projectRoot = "";
			targets = (
				5AEEB4A31FB4DAB400B774A6 /* GLFW OpenGL */,
			);
		};
/* End PBXProject section */

/* Begin PBXSourcesBuildPhase section */
		5AEEB4A01FB4DAB400B774A6 /* Sources */ = {
			isa = PBXSourcesBuildPhase;
			buildActionMask = 2147483647;
			files = (
				5AEEB4A81FB4DAB400B774A6 /* main.cpp in Sources */,
			);
			runOnlyForDeploymentPostprocessing = 0;
		};
/* End PBXSourcesBuildPhase section */

/* Begin XCBuildConfiguration section */
		5AEEB4A91FB4DAB400B774A6 /* Debug */ = {
			isa = XCBuildConfiguration;
			buildSettings = {
				ALWAYS_SEARCH_USER_PATHS = NO;
				CLANG_ANALYZER_NONNULL = YES;
				CLANG_ANALYZER_NUMBER_OBJECT_CONVERSION = YES_AGGRESSIVE;
				CLANG_CXX_LANGUAGE_STANDARD = "gnu++14";
				CLANG_CXX_LIBRARY = "libc++";
				CLANG_ENABLE_MODULES = YES;
				CLANG_ENABLE_OBJC_ARC = YES;
				CLANG_WARN_BLOCK_CAPTURE_AUTORELEASING = YES;
				CLANG_WARN_BOOL_CONVERSION = YES;
				CLANG_WARN_COMMA = YES;
				CLANG_WARN_CONSTANT_CONVERSION = YES;
				CLANG_WARN_DIRECT_OBJC_ISA_USAGE = YES_ERROR;
				CLANG_WARN_DOCUMENTATION_COMMENTS = YES;
				CLANG_WARN_EMPTY_BODY = YES;
				CLANG_WARN_ENUM_CONVERSION = YES;
				CLANG_WARN_INFINITE_RECURSION = YES;
				CLANG_WARN_INT_CONVERSION = YES;
				CLANG_WARN_NON_LITERAL_NULL_CONVERSION = YES;
				CLANG_WARN_OBJC_LITERAL_CONVERSION = YES;
				CLANG_WARN_OBJC_ROOT_CLASS = YES_ERROR;
				CLANG_WARN_RANGE_LOOP_ANALYSIS = YES;
				CLANG_WARN_STRICT_PROTOTYPES = YES;
				CLANG_WARN_SUSPICIOUS_MOVE = YES;
				CLANG_WARN_UNGUARDED_AVAILABILITY = YES_AGGRESSIVE;
				CLANG_WARN_UNREACHABLE_CODE = YES;
				CLANG_WARN__DUPLICATE_METHOD_MATCH = YES;
				CODE_SIGN_IDENTITY = "Mac Developer";
				COPY_PHASE_STRIP = NO;
				DEBUG_INFORMATION_FORMAT = dwarf;
				ENABLE_STRICT_OBJC_MSGSEND = YES;
				ENABLE_TESTABILITY = YES;
				GCC_C_LANGUAGE_STANDARD = gnu11;
				GCC_DYNAMIC_NO_PIC = NO;
				GCC_NO_COMMON_BLOCKS = YES;
				GCC_OPTIMIZATION_LEVEL = 0;
				GCC_PREPROCESSOR_DEFINITIONS = (
					"DEBUG=1",
					"$(inherited)",
				);
				GCC_WARN_64_TO_32_BIT_CONVERSION = YES;
				GCC_WARN_ABOUT_RETURN_TYPE = YES_ERROR;
				GCC_WARN_UNDECLARED_SELECTOR = YES;
				GCC_WARN_UNINITIALIZED_AUTOS = YES_AGGRESSIVE;
				GCC_WARN_UNUSED_FUNCTION = YES;
				GCC_WARN_UNUSED_VARIABLE = YES;
				MACOSX_DEPLOYMENT_TARGET = 10.12;
				MTL_ENABLE_DEBUG_INFO = YES;
				ONLY_ACTIVE_ARCH = YES;
				SDKROOT = macosx;
			};
			name = Debug;
		};
		5AEEB4AA1FB4DAB400B774A6 /* Release */ = {
			isa = XCBuildConfiguration;
			buildSettings = {
				ALWAYS_SEARCH_USER_PATHS = NO;
				CLANG_ANALYZER_NONNULL = YES;
				CLANG_ANALYZER_NUMBER_OBJECT_CONVERSION = YES_AGGRESSIVE;
				CLANG_CXX_LANGUAGE_STANDARD = "gnu++14";
				CLANG_CXX_LIBRARY = "libc++";
				CLANG_ENABLE_MODULES = YES;
				CLANG_ENABLE_OBJC_ARC = YES;
				CLANG_WARN_BLOCK_CAPTURE_AUTORELEASING = YES;
				CLANG_WARN_BOOL_CONVERSION = YES;
				CLANG_WARN_COMMA = YES;
				CLANG_WARN_CONSTANT_CONVERSION = YES;
				CLANG_WARN_DIRECT_OBJC_ISA_USAGE = YES_ERROR;
				CLANG_WARN_DOCUMENTATION_COMMENTS = YES;
				CLANG_WARN_EMPTY_BODY = YES;
				CLANG_WARN_ENUM_CONVERSION = YES;
				CLANG_WARN_INFINITE_RECURSION = YES;
				CLANG_WARN_INT_CONVERSION = YES;
				CLANG_WARN_NON_LITERAL_NULL_CONVERSION = YES;
				CLANG_WARN_OBJC_LITERAL_CONVERSION = YES;
				CLANG_WARN_OBJC_ROOT_CLASS = YES_ERROR;
				CLANG_WARN_RANGE_LOOP_ANALYSIS = YES;
				CLANG_WARN_STRICT_PROTOTYPES = YES;
				CLANG_WARN_SUSPICIOUS_MOVE = YES;
				CLANG_WARN_UNGUARDED_AVAILABILITY = YES_AGGRESSIVE;
				CLANG_WARN_UNREACHABLE_CODE = YES;
				CLANG_WARN__DUPLICATE_METHOD_MATCH = YES;
				CODE_SIGN_IDENTITY = "Mac Developer";
				COPY_PHASE_STRIP = NO;
				DEBUG_INFORMATION_FORMAT = "dwarf-with-dsym";
				ENABLE_NS_ASSERTIONS = NO;
				ENABLE_STRICT_OBJC_MSGSEND = YES;
				GCC_C_LANGUAGE_STANDARD = gnu11;
				GCC_NO_COMMON_BLOCKS = YES;
				GCC_WARN_64_TO_32_BIT_CONVERSION = YES;
				GCC_WARN_ABOUT_RETURN_TYPE = YES_ERROR;
				GCC_WARN_UNDECLARED_SELECTOR = YES;
				GCC_WARN_UNINITIALIZED_AUTOS = YES_AGGRESSIVE;
				GCC_WARN_UNUSED_FUNCTION = YES;
				GCC_WARN_UNUSED_VARIABLE = YES;
				MACOSX_DEPLOYMENT_TARGET = 10.12;
				MTL_ENABLE_DEBUG_INFO = NO;
				SDKROOT = macosx;
			};
			name = Release;
		};
		5AEEB4AC1FB4DAB400B774A6 /* Debug */ = {
			isa = XCBuildConfiguration;
			buildSettings = {
				CODE_SIGN_STYLE = Automatic;
				DEVELOPMENT_TEAM = LY92Q2T88H;
				HEADER_SEARCH_PATHS = /usr/local/include;
				LIBRARY_SEARCH_PATHS = (
					"$(inherited)",
					/usr/local/Cellar/glew/2.1.0/lib,
					/usr/local/Cellar/glfw/3.2.1/lib,
				);
				PRODUCT_NAME = "$(TARGET_NAME)";
			};
			name = Debug;
		};
		5AEEB4AD1FB4DAB400B774A6 /* Release */ = {
			isa = XCBuildConfiguration;
			buildSettings = {
				CODE_SIGN_STYLE = Automatic;
				DEVELOPMENT_TEAM = LY92Q2T88H;
				HEADER_SEARCH_PATHS = /usr/local/include;
				LIBRARY_SEARCH_PATHS = (
					"$(inherited)",
					/usr/local/Cellar/glew/2.1.0/lib,
					/usr/local/Cellar/glfw/3.2.1/lib,
				);
				PRODUCT_NAME = "$(TARGET_NAME)";
			};
			name = Release;
		};
/* End XCBuildConfiguration section */

/* Begin XCConfigurationList section */
		5AEEB49F1FB4DAB400B774A6 /* Build configuration list for PBXProject "GLFW OpenGL" */ = {
			isa = XCConfigurationList;
			buildConfigurations = (
				5AEEB4A91FB4DAB400B774A6 /* Debug */,
				5AEEB4AA1FB4DAB400B774A6 /* Release */,
			);
			defaultConfigurationIsVisible = 0;
			defaultConfigurationName = Release;
		};
		5AEEB4AB1FB4DAB400B774A6 /* Build configuration list for PBXNativeTarget "GLFW OpenGL" */ = {
			isa = XCConfigurationList;
			buildConfigurations = (
				5AEEB4AC1FB4DAB400B774A6 /* Debug */,
				5AEEB4AD1FB4DAB400B774A6 /* Release */,
			);
			defaultConfigurationIsVisible = 0;
			defaultConfigurationName = Release;
		};
/* End XCConfigurationList section */
	};
	rootObject = 5AEEB49C1FB4DAB400B774A6 /* Project object */;
}
